// !$*UTF8*$!
{
	archiveVersion = 1;
	classes = {
	};
	objectVersion = 56;
	objects = {

/* Begin PBXBuildFile section */
		11E88E522AEE68FB000C3CCB /* CalcService.swift in Sources */ = {isa = PBXBuildFile; fileRef = 11E88E512AEE68FB000C3CCB /* CalcService.swift */; };
		11E88E542AEE698F000C3CCB /* Operations.swift in Sources */ = {isa = PBXBuildFile; fileRef = 11E88E532AEE698F000C3CCB /* Operations.swift */; };
		11E88E562AEE6C88000C3CCB /* Constants.swift in Sources */ = {isa = PBXBuildFile; fileRef = 11E88E552AEE6C88000C3CCB /* Constants.swift */; };
		11E88E592AEEA303000C3CCB /* AppColors.swift in Sources */ = {isa = PBXBuildFile; fileRef = 11E88E582AEEA303000C3CCB /* AppColors.swift */; };
		11EC6BE42AEE62140024E713 /* AppDelegate.swift in Sources */ = {isa = PBXBuildFile; fileRef = 11EC6BE32AEE62140024E713 /* AppDelegate.swift */; };
		11EC6BE62AEE62140024E713 /* SceneDelegate.swift in Sources */ = {isa = PBXBuildFile; fileRef = 11EC6BE52AEE62140024E713 /* SceneDelegate.swift */; };
		11EC6BE82AEE62140024E713 /* ViewController.swift in Sources */ = {isa = PBXBuildFile; fileRef = 11EC6BE72AEE62140024E713 /* ViewController.swift */; };
		11EC6BED2AEE62150024E713 /* Assets.xcassets in Resources */ = {isa = PBXBuildFile; fileRef = 11EC6BEC2AEE62150024E713 /* Assets.xcassets */; };
		11EC6BF02AEE62150024E713 /* LaunchScreen.storyboard in Resources */ = {isa = PBXBuildFile; fileRef = 11EC6BEE2AEE62150024E713 /* LaunchScreen.storyboard */; };
/* End PBXBuildFile section */

/* Begin PBXContainerItemProxy section */
		11EC6BF72AEE62150024E713 /* PBXContainerItemProxy */ = {
			isa = PBXContainerItemProxy;
			containerPortal = 11EC6BD82AEE62140024E713 /* Project object */;
			proxyType = 1;
			remoteGlobalIDString = 11EC6BDF2AEE62140024E713;
			remoteInfo = Calculator;
		};
		11EC6C012AEE62150024E713 /* PBXContainerItemProxy */ = {
			isa = PBXContainerItemProxy;
			containerPortal = 11EC6BD82AEE62140024E713 /* Project object */;
			proxyType = 1;
			remoteGlobalIDString = 11EC6BDF2AEE62140024E713;
			remoteInfo = Calculator;
		};
/* End PBXContainerItemProxy section */

/* Begin PBXFileReference section */
		11E88E512AEE68FB000C3CCB /* CalcService.swift */ = {isa = PBXFileReference; lastKnownFileType = sourcecode.swift; path = CalcService.swift; sourceTree = "<group>"; };
		11E88E532AEE698F000C3CCB /* Operations.swift */ = {isa = PBXFileReference; lastKnownFileType = sourcecode.swift; path = Operations.swift; sourceTree = "<group>"; };
		11E88E552AEE6C88000C3CCB /* Constants.swift */ = {isa = PBXFileReference; lastKnownFileType = sourcecode.swift; path = Constants.swift; sourceTree = "<group>"; };
		11E88E582AEEA303000C3CCB /* AppColors.swift */ = {isa = PBXFileReference; lastKnownFileType = sourcecode.swift; path = AppColors.swift; sourceTree = "<group>"; };
		11EC6BE02AEE62140024E713 /* Calculator.app */ = {isa = PBXFileReference; explicitFileType = wrapper.application; includeInIndex = 0; path = Calculator.app; sourceTree = BUILT_PRODUCTS_DIR; };
		11EC6BE32AEE62140024E713 /* AppDelegate.swift */ = {isa = PBXFileReference; lastKnownFileType = sourcecode.swift; path = AppDelegate.swift; sourceTree = "<group>"; };
		11EC6BE52AEE62140024E713 /* SceneDelegate.swift */ = {isa = PBXFileReference; lastKnownFileType = sourcecode.swift; path = SceneDelegate.swift; sourceTree = "<group>"; };
		11EC6BE72AEE62140024E713 /* ViewController.swift */ = {isa = PBXFileReference; lastKnownFileType = sourcecode.swift; path = ViewController.swift; sourceTree = "<group>"; };
		11EC6BEC2AEE62150024E713 /* Assets.xcassets */ = {isa = PBXFileReference; lastKnownFileType = folder.assetcatalog; path = Assets.xcassets; sourceTree = "<group>"; };
		11EC6BEF2AEE62150024E713 /* Base */ = {isa = PBXFileReference; lastKnownFileType = file.storyboard; name = Base; path = Base.lproj/LaunchScreen.storyboard; sourceTree = "<group>"; };
		11EC6BF12AEE62150024E713 /* Info.plist */ = {isa = PBXFileReference; lastKnownFileType = text.plist.xml; path = Info.plist; sourceTree = "<group>"; };
		11EC6BF62AEE62150024E713 /* CalculatorTests.xctest */ = {isa = PBXFileReference; explicitFileType = wrapper.cfbundle; includeInIndex = 0; path = CalculatorTests.xctest; sourceTree = BUILT_PRODUCTS_DIR; };
		11EC6C002AEE62150024E713 /* CalculatorUITests.xctest */ = {isa = PBXFileReference; explicitFileType = wrapper.cfbundle; includeInIndex = 0; path = CalculatorUITests.xctest; sourceTree = BUILT_PRODUCTS_DIR; };
/* End PBXFileReference section */

/* Begin PBXFrameworksBuildPhase section */
		11EC6BDD2AEE62140024E713 /* Frameworks */ = {
			isa = PBXFrameworksBuildPhase;
			buildActionMask = 2147483647;
			files = (
			);
			runOnlyForDeploymentPostprocessing = 0;
		};
		11EC6BF32AEE62150024E713 /* Frameworks */ = {
			isa = PBXFrameworksBuildPhase;
			buildActionMask = 2147483647;
			files = (
			);
			runOnlyForDeploymentPostprocessing = 0;
		};
		11EC6BFD2AEE62150024E713 /* Frameworks */ = {
			isa = PBXFrameworksBuildPhase;
			buildActionMask = 2147483647;
			files = (
			);
			runOnlyForDeploymentPostprocessing = 0;
		};
/* End PBXFrameworksBuildPhase section */

/* Begin PBXGroup section */
		11E88E4C2AEE67FD000C3CCB /* Model */ = {
			isa = PBXGroup;
			children = (
				11E88E512AEE68FB000C3CCB /* CalcService.swift */,
				11E88E532AEE698F000C3CCB /* Operations.swift */,
				11E88E552AEE6C88000C3CCB /* Constants.swift */,
				11E88E582AEEA303000C3CCB /* AppColors.swift */,
			);
			path = Model;
			sourceTree = "<group>";
		};
		11E88E4E2AEE6824000C3CCB /* App */ = {
			isa = PBXGroup;
			children = (
				11EC6BE32AEE62140024E713 /* AppDelegate.swift */,
				11EC6BE52AEE62140024E713 /* SceneDelegate.swift */,
			);
			path = App;
			sourceTree = "<group>";
		};
		11E88E4F2AEE6886000C3CCB /* ViewController */ = {
			isa = PBXGroup;
			children = (
				11E88E502AEE689A000C3CCB /* MainView */,
			);
			path = ViewController;
			sourceTree = "<group>";
		};
		11E88E502AEE689A000C3CCB /* MainView */ = {
			isa = PBXGroup;
			children = (
				11EC6BEE2AEE62150024E713 /* LaunchScreen.storyboard */,
				11EC6BE72AEE62140024E713 /* ViewController.swift */,
			);
			path = MainView;
			sourceTree = "<group>";
		};
		11EC6BD72AEE62140024E713 = {
			isa = PBXGroup;
			children = (
				11EC6BE22AEE62140024E713 /* Calculator */,
				11EC6BE12AEE62140024E713 /* Products */,
			);
			sourceTree = "<group>";
		};
		11EC6BE12AEE62140024E713 /* Products */ = {
			isa = PBXGroup;
			children = (
				11EC6BE02AEE62140024E713 /* Calculator.app */,
				11EC6BF62AEE62150024E713 /* CalculatorTests.xctest */,
				11EC6C002AEE62150024E713 /* CalculatorUITests.xctest */,
			);
			name = Products;
			sourceTree = "<group>";
		};
		11EC6BE22AEE62140024E713 /* Calculator */ = {
			isa = PBXGroup;
			children = (
				11E88E4E2AEE6824000C3CCB /* App */,
				11E88E4C2AEE67FD000C3CCB /* Model */,
				11E88E4F2AEE6886000C3CCB /* ViewController */,
				11EC6BEC2AEE62150024E713 /* Assets.xcassets */,
				11EC6BF12AEE62150024E713 /* Info.plist */,
			);
			path = Calculator;
			sourceTree = "<group>";
		};
/* End PBXGroup section */

/* Begin PBXNativeTarget section */
		11EC6BDF2AEE62140024E713 /* Calculator */ = {
			isa = PBXNativeTarget;
			buildConfigurationList = 11EC6C0A2AEE62150024E713 /* Build configuration list for PBXNativeTarget "Calculator" */;
			buildPhases = (
				11EC6BDC2AEE62140024E713 /* Sources */,
				11EC6BDD2AEE62140024E713 /* Frameworks */,
				11EC6BDE2AEE62140024E713 /* Resources */,
			);
			buildRules = (
			);
			dependencies = (
			);
			name = Calculator;
			productName = Calculator;
			productReference = 11EC6BE02AEE62140024E713 /* Calculator.app */;
			productType = "com.apple.product-type.application";
		};
		11EC6BF52AEE62150024E713 /* CalculatorTests */ = {
			isa = PBXNativeTarget;
			buildConfigurationList = 11EC6C0D2AEE62150024E713 /* Build configuration list for PBXNativeTarget "CalculatorTests" */;
			buildPhases = (
				11EC6BF22AEE62150024E713 /* Sources */,
				11EC6BF32AEE62150024E713 /* Frameworks */,
				11EC6BF42AEE62150024E713 /* Resources */,
			);
			buildRules = (
			);
			dependencies = (
				11EC6BF82AEE62150024E713 /* PBXTargetDependency */,
			);
			name = CalculatorTests;
			productName = CalculatorTests;
			productReference = 11EC6BF62AEE62150024E713 /* CalculatorTests.xctest */;
			productType = "com.apple.product-type.bundle.unit-test";
		};
		11EC6BFF2AEE62150024E713 /* CalculatorUITests */ = {
			isa = PBXNativeTarget;
			buildConfigurationList = 11EC6C102AEE62150024E713 /* Build configuration list for PBXNativeTarget "CalculatorUITests" */;
			buildPhases = (
				11EC6BFC2AEE62150024E713 /* Sources */,
				11EC6BFD2AEE62150024E713 /* Frameworks */,
				11EC6BFE2AEE62150024E713 /* Resources */,
			);
			buildRules = (
			);
			dependencies = (
				11EC6C022AEE62150024E713 /* PBXTargetDependency */,
			);
			name = CalculatorUITests;
			productName = CalculatorUITests;
			productReference = 11EC6C002AEE62150024E713 /* CalculatorUITests.xctest */;
			productType = "com.apple.product-type.bundle.ui-testing";
		};
/* End PBXNativeTarget section */

/* Begin PBXProject section */
		11EC6BD82AEE62140024E713 /* Project object */ = {
			isa = PBXProject;
			attributes = {
				BuildIndependentTargetsInParallel = 1;
				LastSwiftUpdateCheck = 1500;
				LastUpgradeCheck = 1500;
				TargetAttributes = {
					11EC6BDF2AEE62140024E713 = {
						CreatedOnToolsVersion = 15.0;
					};
					11EC6BF52AEE62150024E713 = {
						CreatedOnToolsVersion = 15.0;
						TestTargetID = 11EC6BDF2AEE62140024E713;
					};
					11EC6BFF2AEE62150024E713 = {
						CreatedOnToolsVersion = 15.0;
						TestTargetID = 11EC6BDF2AEE62140024E713;
					};
				};
			};
			buildConfigurationList = 11EC6BDB2AEE62140024E713 /* Build configuration list for PBXProject "Calculator" */;
			compatibilityVersion = "Xcode 14.0";
			developmentRegion = en;
			hasScannedForEncodings = 0;
			knownRegions = (
				en,
				Base,
			);
			mainGroup = 11EC6BD72AEE62140024E713;
			productRefGroup = 11EC6BE12AEE62140024E713 /* Products */;
			projectDirPath = "";
			projectRoot = "";
			targets = (
				11EC6BDF2AEE62140024E713 /* Calculator */,
				11EC6BF52AEE62150024E713 /* CalculatorTests */,
				11EC6BFF2AEE62150024E713 /* CalculatorUITests */,
			);
		};
/* End PBXProject section */

/* Begin PBXResourcesBuildPhase section */
		11EC6BDE2AEE62140024E713 /* Resources */ = {
			isa = PBXResourcesBuildPhase;
			buildActionMask = 2147483647;
			files = (
				11EC6BF02AEE62150024E713 /* LaunchScreen.storyboard in Resources */,
				11EC6BED2AEE62150024E713 /* Assets.xcassets in Resources */,
			);
			runOnlyForDeploymentPostprocessing = 0;
		};
		11EC6BF42AEE62150024E713 /* Resources */ = {
			isa = PBXResourcesBuildPhase;
			buildActionMask = 2147483647;
			files = (
			);
			runOnlyForDeploymentPostprocessing = 0;
		};
		11EC6BFE2AEE62150024E713 /* Resources */ = {
			isa = PBXResourcesBuildPhase;
			buildActionMask = 2147483647;
			files = (
			);
			runOnlyForDeploymentPostprocessing = 0;
		};
/* End PBXResourcesBuildPhase section */

/* Begin PBXSourcesBuildPhase section */
		11EC6BDC2AEE62140024E713 /* Sources */ = {
			isa = PBXSourcesBuildPhase;
			buildActionMask = 2147483647;
			files = (
				11E88E522AEE68FB000C3CCB /* CalcService.swift in Sources */,
				11EC6BE82AEE62140024E713 /* ViewController.swift in Sources */,
				11EC6BE42AEE62140024E713 /* AppDelegate.swift in Sources */,
				11EC6BE62AEE62140024E713 /* SceneDelegate.swift in Sources */,
				11E88E592AEEA303000C3CCB /* AppColors.swift in Sources */,
				11E88E542AEE698F000C3CCB /* Operations.swift in Sources */,
				11E88E562AEE6C88000C3CCB /* Constants.swift in Sources */,
			);
			runOnlyForDeploymentPostprocessing = 0;
		};
		11EC6BF22AEE62150024E713 /* Sources */ = {
			isa = PBXSourcesBuildPhase;
			buildActionMask = 2147483647;
			files = (
			);
			runOnlyForDeploymentPostprocessing = 0;
		};
		11EC6BFC2AEE62150024E713 /* Sources */ = {
			isa = PBXSourcesBuildPhase;
			buildActionMask = 2147483647;
			files = (
			);
			runOnlyForDeploymentPostprocessing = 0;
		};
/* End PBXSourcesBuildPhase section */

/* Begin PBXTargetDependency section */
		11EC6BF82AEE62150024E713 /* PBXTargetDependency */ = {
			isa = PBXTargetDependency;
			target = 11EC6BDF2AEE62140024E713 /* Calculator */;
			targetProxy = 11EC6BF72AEE62150024E713 /* PBXContainerItemProxy */;
		};
		11EC6C022AEE62150024E713 /* PBXTargetDependency */ = {
			isa = PBXTargetDependency;
			target = 11EC6BDF2AEE62140024E713 /* Calculator */;
			targetProxy = 11EC6C012AEE62150024E713 /* PBXContainerItemProxy */;
		};
/* End PBXTargetDependency section */

/* Begin PBXVariantGroup section */
		11EC6BEE2AEE62150024E713 /* LaunchScreen.storyboard */ = {
			isa = PBXVariantGroup;
			children = (
				11EC6BEF2AEE62150024E713 /* Base */,
			);
			name = LaunchScreen.storyboard;
			sourceTree = "<group>";
		};
/* End PBXVariantGroup section */

/* Begin XCBuildConfiguration section */
		11EC6C082AEE62150024E713 /* Debug */ = {
			isa = XCBuildConfiguration;
			buildSettings = {
				ALWAYS_SEARCH_USER_PATHS = NO;
				ASSETCATALOG_COMPILER_GENERATE_SWIFT_ASSET_SYMBOL_EXTENSIONS = YES;
				CLANG_ANALYZER_NONNULL = YES;
				CLANG_ANALYZER_NUMBER_OBJECT_CONVERSION = YES_AGGRESSIVE;
				CLANG_CXX_LANGUAGE_STANDARD = "gnu++20";
				CLANG_ENABLE_MODULES = YES;
				CLANG_ENABLE_OBJC_ARC = YES;
				CLANG_ENABLE_OBJC_WEAK = YES;
				CLANG_WARN_BLOCK_CAPTURE_AUTORELEASING = YES;
				CLANG_WARN_BOOL_CONVERSION = YES;
				CLANG_WARN_COMMA = YES;
				CLANG_WARN_CONSTANT_CONVERSION = YES;
				CLANG_WARN_DEPRECATED_OBJC_IMPLEMENTATIONS = YES;
				CLANG_WARN_DIRECT_OBJC_ISA_USAGE = YES_ERROR;
				CLANG_WARN_DOCUMENTATION_COMMENTS = YES;
				CLANG_WARN_EMPTY_BODY = YES;
				CLANG_WARN_ENUM_CONVERSION = YES;
				CLANG_WARN_INFINITE_RECURSION = YES;
				CLANG_WARN_INT_CONVERSION = YES;
				CLANG_WARN_NON_LITERAL_NULL_CONVERSION = YES;
				CLANG_WARN_OBJC_IMPLICIT_RETAIN_SELF = YES;
				CLANG_WARN_OBJC_LITERAL_CONVERSION = YES;
				CLANG_WARN_OBJC_ROOT_CLASS = YES_ERROR;
				CLANG_WARN_QUOTED_INCLUDE_IN_FRAMEWORK_HEADER = YES;
				CLANG_WARN_RANGE_LOOP_ANALYSIS = YES;
				CLANG_WARN_STRICT_PROTOTYPES = YES;
				CLANG_WARN_SUSPICIOUS_MOVE = YES;
				CLANG_WARN_UNGUARDED_AVAILABILITY = YES_AGGRESSIVE;
				CLANG_WARN_UNREACHABLE_CODE = YES;
				CLANG_WARN__DUPLICATE_METHOD_MATCH = YES;
				COPY_PHASE_STRIP = NO;
				DEBUG_INFORMATION_FORMAT = dwarf;
				ENABLE_STRICT_OBJC_MSGSEND = YES;
				ENABLE_TESTABILITY = YES;
				ENABLE_USER_SCRIPT_SANDBOXING = YES;
				GCC_C_LANGUAGE_STANDARD = gnu17;
				GCC_DYNAMIC_NO_PIC = NO;
				GCC_NO_COMMON_BLOCKS = YES;
				GCC_OPTIMIZATION_LEVEL = 0;
				GCC_PREPROCESSOR_DEFINITIONS = (
					"DEBUG=1",
					"$(inherited)",
				);
				GCC_WARN_64_TO_32_BIT_CONVERSION = YES;
				GCC_WARN_ABOUT_RETURN_TYPE = YES_ERROR;
				GCC_WARN_UNDECLARED_SELECTOR = YES;
				GCC_WARN_UNINITIALIZED_AUTOS = YES_AGGRESSIVE;
				GCC_WARN_UNUSED_FUNCTION = YES;
				GCC_WARN_UNUSED_VARIABLE = YES;
				IPHONEOS_DEPLOYMENT_TARGET = 17.0;
				LOCALIZATION_PREFERS_STRING_CATALOGS = YES;
				MTL_ENABLE_DEBUG_INFO = INCLUDE_SOURCE;
				MTL_FAST_MATH = YES;
				ONLY_ACTIVE_ARCH = YES;
				SDKROOT = iphoneos;
				SWIFT_ACTIVE_COMPILATION_CONDITIONS = "DEBUG $(inherited)";
				SWIFT_OPTIMIZATION_LEVEL = "-Onone";
			};
			name = Debug;
		};
		11EC6C092AEE62150024E713 /* Release */ = {
			isa = XCBuildConfiguration;
			buildSettings = {
				ALWAYS_SEARCH_USER_PATHS = NO;
				ASSETCATALOG_COMPILER_GENERATE_SWIFT_ASSET_SYMBOL_EXTENSIONS = YES;
				CLANG_ANALYZER_NONNULL = YES;
				CLANG_ANALYZER_NUMBER_OBJECT_CONVERSION = YES_AGGRESSIVE;
				CLANG_CXX_LANGUAGE_STANDARD = "gnu++20";
				CLANG_ENABLE_MODULES = YES;
				CLANG_ENABLE_OBJC_ARC = YES;
				CLANG_ENABLE_OBJC_WEAK = YES;
				CLANG_WARN_BLOCK_CAPTURE_AUTORELEASING = YES;
				CLANG_WARN_BOOL_CONVERSION = YES;
				CLANG_WARN_COMMA = YES;
				CLANG_WARN_CONSTANT_CONVERSION = YES;
				CLANG_WARN_DEPRECATED_OBJC_IMPLEMENTATIONS = YES;
				CLANG_WARN_DIRECT_OBJC_ISA_USAGE = YES_ERROR;
				CLANG_WARN_DOCUMENTATION_COMMENTS = YES;
				CLANG_WARN_EMPTY_BODY = YES;
				CLANG_WARN_ENUM_CONVERSION = YES;
				CLANG_WARN_INFINITE_RECURSION = YES;
				CLANG_WARN_INT_CONVERSION = YES;
				CLANG_WARN_NON_LITERAL_NULL_CONVERSION = YES;
				CLANG_WARN_OBJC_IMPLICIT_RETAIN_SELF = YES;
				CLANG_WARN_OBJC_LITERAL_CONVERSION = YES;
				CLANG_WARN_OBJC_ROOT_CLASS = YES_ERROR;
				CLANG_WARN_QUOTED_INCLUDE_IN_FRAMEWORK_HEADER = YES;
				CLANG_WARN_RANGE_LOOP_ANALYSIS = YES;
				CLANG_WARN_STRICT_PROTOTYPES = YES;
				CLANG_WARN_SUSPICIOUS_MOVE = YES;
				CLANG_WARN_UNGUARDED_AVAILABILITY = YES_AGGRESSIVE;
				CLANG_WARN_UNREACHABLE_CODE = YES;
				CLANG_WARN__DUPLICATE_METHOD_MATCH = YES;
				COPY_PHASE_STRIP = NO;
				DEBUG_INFORMATION_FORMAT = "dwarf-with-dsym";
				ENABLE_NS_ASSERTIONS = NO;
				ENABLE_STRICT_OBJC_MSGSEND = YES;
				ENABLE_USER_SCRIPT_SANDBOXING = YES;
				GCC_C_LANGUAGE_STANDARD = gnu17;
				GCC_NO_COMMON_BLOCKS = YES;
				GCC_WARN_64_TO_32_BIT_CONVERSION = YES;
				GCC_WARN_ABOUT_RETURN_TYPE = YES_ERROR;
				GCC_WARN_UNDECLARED_SELECTOR = YES;
				GCC_WARN_UNINITIALIZED_AUTOS = YES_AGGRESSIVE;
				GCC_WARN_UNUSED_FUNCTION = YES;
				GCC_WARN_UNUSED_VARIABLE = YES;
				IPHONEOS_DEPLOYMENT_TARGET = 17.0;
				LOCALIZATION_PREFERS_STRING_CATALOGS = YES;
				MTL_ENABLE_DEBUG_INFO = NO;
				MTL_FAST_MATH = YES;
				SDKROOT = iphoneos;
				SWIFT_COMPILATION_MODE = wholemodule;
				VALIDATE_PRODUCT = YES;
			};
			name = Release;
		};
		11EC6C0B2AEE62150024E713 /* Debug */ = {
			isa = XCBuildConfiguration;
			buildSettings = {
				ASSETCATALOG_COMPILER_APPICON_NAME = AppIcon;
				ASSETCATALOG_COMPILER_GLOBAL_ACCENT_COLOR_NAME = AccentColor;
				CODE_SIGN_STYLE = Automatic;
				CURRENT_PROJECT_VERSION = 1;
				DEVELOPMENT_TEAM = F775AF682R;
				GENERATE_INFOPLIST_FILE = YES;
				INFOPLIST_FILE = Calculator/Info.plist;
				INFOPLIST_KEY_UIApplicationSupportsIndirectInputEvents = YES;
				INFOPLIST_KEY_UILaunchStoryboardName = LaunchScreen;
				INFOPLIST_KEY_UIMainStoryboardFile = Main;
				INFOPLIST_KEY_UISupportedInterfaceOrientations_iPad = "UIInterfaceOrientationPortrait UIInterfaceOrientationPortraitUpsideDown UIInterfaceOrientationLandscapeLeft UIInterfaceOrientationLandscapeRight";
				INFOPLIST_KEY_UISupportedInterfaceOrientations_iPhone = "UIInterfaceOrientationPortrait UIInterfaceOrientationLandscapeLeft UIInterfaceOrientationLandscapeRight";
				LD_RUNPATH_SEARCH_PATHS = (
					"$(inherited)",
					"@executable_path/Frameworks",
				);
				MARKETING_VERSION = 1.0;
				PRODUCT_BUNDLE_IDENTIFIER = Nikita.Calculator;
				PRODUCT_NAME = "$(TARGET_NAME)";
				SWIFT_EMIT_LOC_STRINGS = YES;
				SWIFT_VERSION = 5.0;
				TARGETED_DEVICE_FAMILY = "1,2";
			};
			name = Debug;
		};
		11EC6C0C2AEE62150024E713 /* Release */ = {
			isa = XCBuildConfiguration;
			buildSettings = {
				ASSETCATALOG_COMPILER_APPICON_NAME = AppIcon;
				ASSETCATALOG_COMPILER_GLOBAL_ACCENT_COLOR_NAME = AccentColor;
				CODE_SIGN_STYLE = Automatic;
				CURRENT_PROJECT_VERSION = 1;
				DEVELOPMENT_TEAM = F775AF682R;
				GENERATE_INFOPLIST_FILE = YES;
				INFOPLIST_FILE = Calculator/Info.plist;
				INFOPLIST_KEY_UIApplicationSupportsIndirectInputEvents = YES;
				INFOPLIST_KEY_UILaunchStoryboardName = LaunchScreen;
				INFOPLIST_KEY_UIMainStoryboardFile = Main;
				INFOPLIST_KEY_UISupportedInterfaceOrientations_iPad = "UIInterfaceOrientationPortrait UIInterfaceOrientationPortraitUpsideDown UIInterfaceOrientationLandscapeLeft UIInterfaceOrientationLandscapeRight";
				INFOPLIST_KEY_UISupportedInterfaceOrientations_iPhone = "UIInterfaceOrientationPortrait UIInterfaceOrientationLandscapeLeft UIInterfaceOrientationLandscapeRight";
				LD_RUNPATH_SEARCH_PATHS = (
					"$(inherited)",
					"@executable_path/Frameworks",
				);
				MARKETING_VERSION = 1.0;
				PRODUCT_BUNDLE_IDENTIFIER = Nikita.Calculator;
				PRODUCT_NAME = "$(TARGET_NAME)";
				SWIFT_EMIT_LOC_STRINGS = YES;
				SWIFT_VERSION = 5.0;
				TARGETED_DEVICE_FAMILY = "1,2";
			};
			name = Release;
		};
		11EC6C0E2AEE62150024E713 /* Debug */ = {
			isa = XCBuildConfiguration;
			buildSettings = {
				ALWAYS_EMBED_SWIFT_STANDARD_LIBRARIES = YES;
				BUNDLE_LOADER = "$(TEST_HOST)";
				CODE_SIGN_STYLE = Automatic;
				CURRENT_PROJECT_VERSION = 1;
				DEVELOPMENT_TEAM = F775AF682R;
				GENERATE_INFOPLIST_FILE = YES;
				IPHONEOS_DEPLOYMENT_TARGET = 17.0;
				MARKETING_VERSION = 1.0;
				PRODUCT_BUNDLE_IDENTIFIER = Nikita.CalculatorTests;
				PRODUCT_NAME = "$(TARGET_NAME)";
				SWIFT_EMIT_LOC_STRINGS = NO;
				SWIFT_VERSION = 5.0;
				TARGETED_DEVICE_FAMILY = "1,2";
				TEST_HOST = "$(BUILT_PRODUCTS_DIR)/Calculator.app/$(BUNDLE_EXECUTABLE_FOLDER_PATH)/Calculator";
			};
			name = Debug;
		};
		11EC6C0F2AEE62150024E713 /* Release */ = {
			isa = XCBuildConfiguration;
			buildSettings = {
				ALWAYS_EMBED_SWIFT_STANDARD_LIBRARIES = YES;
				BUNDLE_LOADER = "$(TEST_HOST)";
				CODE_SIGN_STYLE = Automatic;
				CURRENT_PROJECT_VERSION = 1;
				DEVELOPMENT_TEAM = F775AF682R;
				GENERATE_INFOPLIST_FILE = YES;
				IPHONEOS_DEPLOYMENT_TARGET = 17.0;
				MARKETING_VERSION = 1.0;
				PRODUCT_BUNDLE_IDENTIFIER = Nikita.CalculatorTests;
				PRODUCT_NAME = "$(TARGET_NAME)";
				SWIFT_EMIT_LOC_STRINGS = NO;
				SWIFT_VERSION = 5.0;
				TARGETED_DEVICE_FAMILY = "1,2";
				TEST_HOST = "$(BUILT_PRODUCTS_DIR)/Calculator.app/$(BUNDLE_EXECUTABLE_FOLDER_PATH)/Calculator";
			};
			name = Release;
		};
		11EC6C112AEE62150024E713 /* Debug */ = {
			isa = XCBuildConfiguration;
			buildSettings = {
				ALWAYS_EMBED_SWIFT_STANDARD_LIBRARIES = YES;
				CODE_SIGN_STYLE = Automatic;
				CURRENT_PROJECT_VERSION = 1;
				DEVELOPMENT_TEAM = F775AF682R;
				GENERATE_INFOPLIST_FILE = YES;
				MARKETING_VERSION = 1.0;
				PRODUCT_BUNDLE_IDENTIFIER = Nikita.CalculatorUITests;
				PRODUCT_NAME = "$(TARGET_NAME)";
				SWIFT_EMIT_LOC_STRINGS = NO;
				SWIFT_VERSION = 5.0;
				TARGETED_DEVICE_FAMILY = "1,2";
				TEST_TARGET_NAME = Calculator;
			};
			name = Debug;
		};
		11EC6C122AEE62150024E713 /* Release */ = {
			isa = XCBuildConfiguration;
			buildSettings = {
				ALWAYS_EMBED_SWIFT_STANDARD_LIBRARIES = YES;
				CODE_SIGN_STYLE = Automatic;
				CURRENT_PROJECT_VERSION = 1;
				DEVELOPMENT_TEAM = F775AF682R;
				GENERATE_INFOPLIST_FILE = YES;
				MARKETING_VERSION = 1.0;
				PRODUCT_BUNDLE_IDENTIFIER = Nikita.CalculatorUITests;
				PRODUCT_NAME = "$(TARGET_NAME)";
				SWIFT_EMIT_LOC_STRINGS = NO;
				SWIFT_VERSION = 5.0;
				TARGETED_DEVICE_FAMILY = "1,2";
				TEST_TARGET_NAME = Calculator;
			};
			name = Release;
		};
/* End XCBuildConfiguration section */

/* Begin XCConfigurationList section */
		11EC6BDB2AEE62140024E713 /* Build configuration list for PBXProject "Calculator" */ = {
			isa = XCConfigurationList;
			buildConfigurations = (
				11EC6C082AEE62150024E713 /* Debug */,
				11EC6C092AEE62150024E713 /* Release */,
			);
			defaultConfigurationIsVisible = 0;
			defaultConfigurationName = Release;
		};
		11EC6C0A2AEE62150024E713 /* Build configuration list for PBXNativeTarget "Calculator" */ = {
			isa = XCConfigurationList;
			buildConfigurations = (
				11EC6C0B2AEE62150024E713 /* Debug */,
				11EC6C0C2AEE62150024E713 /* Release */,
			);
			defaultConfigurationIsVisible = 0;
			defaultConfigurationName = Release;
		};
		11EC6C0D2AEE62150024E713 /* Build configuration list for PBXNativeTarget "CalculatorTests" */ = {
			isa = XCConfigurationList;
			buildConfigurations = (
				11EC6C0E2AEE62150024E713 /* Debug */,
				11EC6C0F2AEE62150024E713 /* Release */,
			);
			defaultConfigurationIsVisible = 0;
			defaultConfigurationName = Release;
		};
		11EC6C102AEE62150024E713 /* Build configuration list for PBXNativeTarget "CalculatorUITests" */ = {
			isa = XCConfigurationList;
			buildConfigurations = (
				11EC6C112AEE62150024E713 /* Debug */,
				11EC6C122AEE62150024E713 /* Release */,
			);
			defaultConfigurationIsVisible = 0;
			defaultConfigurationName = Release;
		};
/* End XCConfigurationList section */
	};
	rootObject = 11EC6BD82AEE62140024E713 /* Project object */;
}
